// !$*UTF8*$!
{
	archiveVersion = 1;
	classes = {
	};
	objectVersion = 52;
	objects = {

/* Begin PBXBuildFile section */
		127C44C322C7562E003C7BFA /* OuroborosFile.swift in Sources */ = {isa = PBXBuildFile; fileRef = 127C44C222C7562E003C7BFA /* OuroborosFile.swift */; };
		127C44C522C75FB2003C7BFA /* OuroborosTag.swift in Sources */ = {isa = PBXBuildFile; fileRef = 127C44C422C75FB2003C7BFA /* OuroborosTag.swift */; };
		128ED16222AAD1AC00A1DDD6 /* AppDelegate.swift in Sources */ = {isa = PBXBuildFile; fileRef = 128ED16122AAD1AC00A1DDD6 /* AppDelegate.swift */; };
		128ED16422AAD1AC00A1DDD6 /* MainViewController.swift in Sources */ = {isa = PBXBuildFile; fileRef = 128ED16322AAD1AC00A1DDD6 /* MainViewController.swift */; };
		128ED16622AAD1AE00A1DDD6 /* Assets.xcassets in Resources */ = {isa = PBXBuildFile; fileRef = 128ED16522AAD1AE00A1DDD6 /* Assets.xcassets */; };
		128ED17222AAD88300A1DDD6 /* MainWindowController.swift in Sources */ = {isa = PBXBuildFile; fileRef = 128ED17122AAD88300A1DDD6 /* MainWindowController.swift */; };
		12A9BB9A22C5F1C30090F503 /* BooruMime.swift in Sources */ = {isa = PBXBuildFile; fileRef = 12A9BB9922C5F1C30090F503 /* BooruMime.swift */; };
		12A9BB9C22C60ADE0090F503 /* NoneBooru.swift in Sources */ = {isa = PBXBuildFile; fileRef = 12A9BB9B22C60ADE0090F503 /* NoneBooru.swift */; };
		12A9BBA022C74E190090F503 /* OuroborosBooru.swift in Sources */ = {isa = PBXBuildFile; fileRef = 12A9BB9F22C74E180090F503 /* OuroborosBooru.swift */; };
		12C43B6F22BCA5DD003AF7C1 /* Utilities.swift in Sources */ = {isa = PBXBuildFile; fileRef = 12C43B6E22BCA5DD003AF7C1 /* Utilities.swift */; };
		12C43B7122BD5E59003AF7C1 /* HydrusTags.swift in Sources */ = {isa = PBXBuildFile; fileRef = 12C43B7022BD5E59003AF7C1 /* HydrusTags.swift */; };
		12C43B7422BD6076003AF7C1 /* HydrusTag.swift in Sources */ = {isa = PBXBuildFile; fileRef = 12C43B7322BD6076003AF7C1 /* HydrusTag.swift */; };
		12C43B7622BD6094003AF7C1 /* HydrusTagNamespace.swift in Sources */ = {isa = PBXBuildFile; fileRef = 12C43B7522BD6094003AF7C1 /* HydrusTagNamespace.swift */; };
		12D5009B22BC7A4E00CB1D98 /* HydrusFile.swift in Sources */ = {isa = PBXBuildFile; fileRef = 12D5009A22BC7A4E00CB1D98 /* HydrusFile.swift */; };
		12D5009E22BC7D4100CB1D98 /* .swiftlint.yml in Resources */ = {isa = PBXBuildFile; fileRef = 12D5009D22BC7D4100CB1D98 /* .swiftlint.yml */; };
		12D500A022BC907C00CB1D98 /* HydrusMime.swift in Sources */ = {isa = PBXBuildFile; fileRef = 12D5009F22BC907C00CB1D98 /* HydrusMime.swift */; };
		12D500A222BC931400CB1D98 /* HydrusMetadata.swift in Sources */ = {isa = PBXBuildFile; fileRef = 12D500A122BC931400CB1D98 /* HydrusMetadata.swift */; };
		12D7B0B322BB6DA000CB740F /* MediaCollectionViewItem.swift in Sources */ = {isa = PBXBuildFile; fileRef = 12D7B0B122BB6DA000CB740F /* MediaCollectionViewItem.swift */; };
		12D7B0B422BB6DA000CB740F /* MediaCollectionViewItem.xib in Resources */ = {isa = PBXBuildFile; fileRef = 12D7B0B222BB6DA000CB740F /* MediaCollectionViewItem.xib */; };
		12D7B0B822BC237200CB740F /* HydrusDatabase.swift in Sources */ = {isa = PBXBuildFile; fileRef = 12D7B0B722BC237200CB740F /* HydrusDatabase.swift */; };
		12DDEF4B2498B5AE004BF47F /* FailedToLoadImage.png in Resources */ = {isa = PBXBuildFile; fileRef = 12DDEF4A2498B5AE004BF47F /* FailedToLoadImage.png */; };
		12E10CF322BE0B3000BD248E /* HydrusCachedTag.swift in Sources */ = {isa = PBXBuildFile; fileRef = 12E10CF222BE0B3000BD248E /* HydrusCachedTag.swift */; };
		12E10CF622BE10DE00BD248E /* Data+Hex.swift in Sources */ = {isa = PBXBuildFile; fileRef = 12E10CF522BE10DE00BD248E /* Data+Hex.swift */; };
		12E10CF822BE25B700BD248E /* HydrusSubtag.swift in Sources */ = {isa = PBXBuildFile; fileRef = 12E10CF722BE25B700BD248E /* HydrusSubtag.swift */; };
		12ED8614266DD67800F1303F /* TagsViewController.swift in Sources */ = {isa = PBXBuildFile; fileRef = 12ED8613266DD67800F1303F /* TagsViewController.swift */; };
		12ED8616266DD68A00F1303F /* PostsViewController.swift in Sources */ = {isa = PBXBuildFile; fileRef = 12ED8615266DD68A00F1303F /* PostsViewController.swift */; };
		12ED8617266DD91C00F1303F /* Main.storyboard in Resources */ = {isa = PBXBuildFile; fileRef = 128A5835266DA66600DADF61 /* Main.storyboard */; };
		12F38F9D23401C320011F4FE /* Path in Frameworks */ = {isa = PBXBuildFile; productRef = 12F38F9C23401C320011F4FE /* Path */; };
		12F38FA023401CF00011F4FE /* GRDB in Frameworks */ = {isa = PBXBuildFile; productRef = 12F38F9F23401CF00011F4FE /* GRDB */; };
		12F7957622C5BB99002DCBEF /* Booru.swift in Sources */ = {isa = PBXBuildFile; fileRef = 12F7957522C5BB99002DCBEF /* Booru.swift */; };
		12F7957822C5C092002DCBEF /* BooruFile.swift in Sources */ = {isa = PBXBuildFile; fileRef = 12F7957722C5C092002DCBEF /* BooruFile.swift */; };
		12F7957A22C5C3F4002DCBEF /* BooruTag.swift in Sources */ = {isa = PBXBuildFile; fileRef = 12F7957922C5C3F4002DCBEF /* BooruTag.swift */; };
/* End PBXBuildFile section */

/* Begin PBXFileReference section */
		127C44C222C7562E003C7BFA /* OuroborosFile.swift */ = {isa = PBXFileReference; lastKnownFileType = sourcecode.swift; path = OuroborosFile.swift; sourceTree = "<group>"; };
		127C44C422C75FB2003C7BFA /* OuroborosTag.swift */ = {isa = PBXFileReference; lastKnownFileType = sourcecode.swift; path = OuroborosTag.swift; sourceTree = "<group>"; };
		128A5835266DA66600DADF61 /* Main.storyboard */ = {isa = PBXFileReference; lastKnownFileType = file.storyboard; path = Main.storyboard; sourceTree = "<group>"; };
		128ED15E22AAD1AC00A1DDD6 /* b2.app */ = {isa = PBXFileReference; explicitFileType = wrapper.application; includeInIndex = 0; path = b2.app; sourceTree = BUILT_PRODUCTS_DIR; };
		128ED16122AAD1AC00A1DDD6 /* AppDelegate.swift */ = {isa = PBXFileReference; lastKnownFileType = sourcecode.swift; path = AppDelegate.swift; sourceTree = "<group>"; };
		128ED16322AAD1AC00A1DDD6 /* MainViewController.swift */ = {isa = PBXFileReference; lastKnownFileType = sourcecode.swift; path = MainViewController.swift; sourceTree = "<group>"; };
		128ED16522AAD1AE00A1DDD6 /* Assets.xcassets */ = {isa = PBXFileReference; lastKnownFileType = folder.assetcatalog; path = Assets.xcassets; sourceTree = "<group>"; };
		128ED16A22AAD1AE00A1DDD6 /* Info.plist */ = {isa = PBXFileReference; lastKnownFileType = text.plist.xml; path = Info.plist; sourceTree = "<group>"; };
		128ED16B22AAD1AE00A1DDD6 /* b2.entitlements */ = {isa = PBXFileReference; lastKnownFileType = text.plist.entitlements; path = b2.entitlements; sourceTree = "<group>"; };
		128ED17122AAD88300A1DDD6 /* MainWindowController.swift */ = {isa = PBXFileReference; lastKnownFileType = sourcecode.swift; path = MainWindowController.swift; sourceTree = "<group>"; };
		12A9BB9922C5F1C30090F503 /* BooruMime.swift */ = {isa = PBXFileReference; lastKnownFileType = sourcecode.swift; path = BooruMime.swift; sourceTree = "<group>"; };
		12A9BB9B22C60ADE0090F503 /* NoneBooru.swift */ = {isa = PBXFileReference; lastKnownFileType = sourcecode.swift; path = NoneBooru.swift; sourceTree = "<group>"; };
		12A9BB9F22C74E180090F503 /* OuroborosBooru.swift */ = {isa = PBXFileReference; lastKnownFileType = sourcecode.swift; path = OuroborosBooru.swift; sourceTree = "<group>"; };
		12C43B6E22BCA5DD003AF7C1 /* Utilities.swift */ = {isa = PBXFileReference; lastKnownFileType = sourcecode.swift; path = Utilities.swift; sourceTree = "<group>"; };
		12C43B7022BD5E59003AF7C1 /* HydrusTags.swift */ = {isa = PBXFileReference; lastKnownFileType = sourcecode.swift; path = HydrusTags.swift; sourceTree = "<group>"; };
		12C43B7322BD6076003AF7C1 /* HydrusTag.swift */ = {isa = PBXFileReference; lastKnownFileType = sourcecode.swift; path = HydrusTag.swift; sourceTree = "<group>"; };
		12C43B7522BD6094003AF7C1 /* HydrusTagNamespace.swift */ = {isa = PBXFileReference; lastKnownFileType = sourcecode.swift; path = HydrusTagNamespace.swift; sourceTree = "<group>"; };
		12D5009A22BC7A4E00CB1D98 /* HydrusFile.swift */ = {isa = PBXFileReference; lastKnownFileType = sourcecode.swift; path = HydrusFile.swift; sourceTree = "<group>"; };
		12D5009D22BC7D4100CB1D98 /* .swiftlint.yml */ = {isa = PBXFileReference; lastKnownFileType = text; path = .swiftlint.yml; sourceTree = "<group>"; };
		12D5009F22BC907C00CB1D98 /* HydrusMime.swift */ = {isa = PBXFileReference; lastKnownFileType = sourcecode.swift; path = HydrusMime.swift; sourceTree = "<group>"; };
		12D500A122BC931400CB1D98 /* HydrusMetadata.swift */ = {isa = PBXFileReference; lastKnownFileType = sourcecode.swift; path = HydrusMetadata.swift; sourceTree = "<group>"; };
		12D7B0B122BB6DA000CB740F /* MediaCollectionViewItem.swift */ = {isa = PBXFileReference; lastKnownFileType = sourcecode.swift; path = MediaCollectionViewItem.swift; sourceTree = "<group>"; };
		12D7B0B222BB6DA000CB740F /* MediaCollectionViewItem.xib */ = {isa = PBXFileReference; lastKnownFileType = file.xib; path = MediaCollectionViewItem.xib; sourceTree = "<group>"; };
		12D7B0B722BC237200CB740F /* HydrusDatabase.swift */ = {isa = PBXFileReference; lastKnownFileType = sourcecode.swift; path = HydrusDatabase.swift; sourceTree = "<group>"; };
		12DDEF4A2498B5AE004BF47F /* FailedToLoadImage.png */ = {isa = PBXFileReference; lastKnownFileType = image.png; path = FailedToLoadImage.png; sourceTree = "<group>"; };
		12E10CF222BE0B3000BD248E /* HydrusCachedTag.swift */ = {isa = PBXFileReference; lastKnownFileType = sourcecode.swift; path = HydrusCachedTag.swift; sourceTree = "<group>"; };
		12E10CF522BE10DE00BD248E /* Data+Hex.swift */ = {isa = PBXFileReference; lastKnownFileType = sourcecode.swift; path = "Data+Hex.swift"; sourceTree = "<group>"; };
		12E10CF722BE25B700BD248E /* HydrusSubtag.swift */ = {isa = PBXFileReference; lastKnownFileType = sourcecode.swift; path = HydrusSubtag.swift; sourceTree = "<group>"; };
		12ED8613266DD67800F1303F /* TagsViewController.swift */ = {isa = PBXFileReference; lastKnownFileType = sourcecode.swift; path = TagsViewController.swift; sourceTree = "<group>"; };
		12ED8615266DD68A00F1303F /* PostsViewController.swift */ = {isa = PBXFileReference; lastKnownFileType = sourcecode.swift; path = PostsViewController.swift; sourceTree = "<group>"; };
		12F7957522C5BB99002DCBEF /* Booru.swift */ = {isa = PBXFileReference; lastKnownFileType = sourcecode.swift; path = Booru.swift; sourceTree = "<group>"; };
		12F7957722C5C092002DCBEF /* BooruFile.swift */ = {isa = PBXFileReference; lastKnownFileType = sourcecode.swift; path = BooruFile.swift; sourceTree = "<group>"; };
		12F7957922C5C3F4002DCBEF /* BooruTag.swift */ = {isa = PBXFileReference; lastKnownFileType = sourcecode.swift; path = BooruTag.swift; sourceTree = "<group>"; };
/* End PBXFileReference section */

/* Begin PBXFrameworksBuildPhase section */
		128ED15B22AAD1AC00A1DDD6 /* Frameworks */ = {
			isa = PBXFrameworksBuildPhase;
			buildActionMask = 2147483647;
			files = (
				12F38F9D23401C320011F4FE /* Path in Frameworks */,
				12F38FA023401CF00011F4FE /* GRDB in Frameworks */,
			);
			runOnlyForDeploymentPostprocessing = 0;
		};
/* End PBXFrameworksBuildPhase section */

/* Begin PBXGroup section */
		1254903022C0413C00218DBC /* Supporting Files */ = {
			isa = PBXGroup;
			children = (
				128ED16122AAD1AC00A1DDD6 /* AppDelegate.swift */,
				128ED16522AAD1AE00A1DDD6 /* Assets.xcassets */,
				128ED16A22AAD1AE00A1DDD6 /* Info.plist */,
				128ED16B22AAD1AE00A1DDD6 /* b2.entitlements */,
				12C43B6E22BCA5DD003AF7C1 /* Utilities.swift */,
			);
			name = "Supporting Files";
			sourceTree = "<group>";
		};
		128A5834266DA65B00DADF61 /* Storyboards */ = {
			isa = PBXGroup;
			children = (
				128A5835266DA66600DADF61 /* Main.storyboard */,
			);
			name = Storyboards;
			sourceTree = "<group>";
		};
		128ED15522AAD1AC00A1DDD6 = {
			isa = PBXGroup;
			children = (
				12D5009D22BC7D4100CB1D98 /* .swiftlint.yml */,
				128ED16022AAD1AC00A1DDD6 /* b2 */,
				128ED15F22AAD1AC00A1DDD6 /* Products */,
			);
			sourceTree = "<group>";
		};
		128ED15F22AAD1AC00A1DDD6 /* Products */ = {
			isa = PBXGroup;
			children = (
				128ED15E22AAD1AC00A1DDD6 /* b2.app */,
			);
			name = Products;
			sourceTree = "<group>";
		};
		128ED16022AAD1AC00A1DDD6 /* b2 */ = {
			isa = PBXGroup;
			children = (
				12DDEF492498B5A2004BF47F /* Images */,
				12F7957422C5BB8B002DCBEF /* Booru */,
				1254903022C0413C00218DBC /* Supporting Files */,
				12E10CF422BE10D000BD248E /* Extensions */,
				12D7B0B622BC1A5600CB740F /* Collection View */,
				128ED17622AAE25F00A1DDD6 /* Controllers */,
				128A5834266DA65B00DADF61 /* Storyboards */,
			);
			path = b2;
			sourceTree = "<group>";
		};
		128ED17622AAE25F00A1DDD6 /* Controllers */ = {
			isa = PBXGroup;
			children = (
				128ED16322AAD1AC00A1DDD6 /* MainViewController.swift */,
				128ED17122AAD88300A1DDD6 /* MainWindowController.swift */,
				12ED8613266DD67800F1303F /* TagsViewController.swift */,
				12ED8615266DD68A00F1303F /* PostsViewController.swift */,
			);
			name = Controllers;
			sourceTree = "<group>";
		};
		12A9BB9D22C60B0E0090F503 /* Miscellaneous */ = {
			isa = PBXGroup;
			children = (
				12A9BB9B22C60ADE0090F503 /* NoneBooru.swift */,
			);
			name = Miscellaneous;
			sourceTree = "<group>";
		};
		12A9BB9E22C74E0E0090F503 /* External */ = {
			isa = PBXGroup;
			children = (
				12A9BB9F22C74E180090F503 /* OuroborosBooru.swift */,
				127C44C222C7562E003C7BFA /* OuroborosFile.swift */,
				127C44C422C75FB2003C7BFA /* OuroborosTag.swift */,
			);
			name = External;
			sourceTree = "<group>";
		};
		12C43B7222BD606C003AF7C1 /* Tags */ = {
			isa = PBXGroup;
			children = (
				12C43B7022BD5E59003AF7C1 /* HydrusTags.swift */,
				12C43B7322BD6076003AF7C1 /* HydrusTag.swift */,
				12C43B7522BD6094003AF7C1 /* HydrusTagNamespace.swift */,
				12E10CF222BE0B3000BD248E /* HydrusCachedTag.swift */,
				12E10CF722BE25B700BD248E /* HydrusSubtag.swift */,
			);
			name = Tags;
			sourceTree = "<group>";
		};
		12C43B7722BD65F1003AF7C1 /* File */ = {
			isa = PBXGroup;
			children = (
				12D5009A22BC7A4E00CB1D98 /* HydrusFile.swift */,
				12D5009F22BC907C00CB1D98 /* HydrusMime.swift */,
				12D500A122BC931400CB1D98 /* HydrusMetadata.swift */,
			);
			name = File;
			sourceTree = "<group>";
		};
		12D7B0B522BC1A5200CB740F /* Hydrus */ = {
			isa = PBXGroup;
			children = (
				12C43B7722BD65F1003AF7C1 /* File */,
				12C43B7222BD606C003AF7C1 /* Tags */,
				12D7B0B722BC237200CB740F /* HydrusDatabase.swift */,
			);
			name = Hydrus;
			sourceTree = "<group>";
		};
		12D7B0B622BC1A5600CB740F /* Collection View */ = {
			isa = PBXGroup;
			children = (
				12D7B0B122BB6DA000CB740F /* MediaCollectionViewItem.swift */,
				12D7B0B222BB6DA000CB740F /* MediaCollectionViewItem.xib */,
			);
			name = "Collection View";
			sourceTree = "<group>";
		};
		12DDEF492498B5A2004BF47F /* Images */ = {
			isa = PBXGroup;
			children = (
				12DDEF4A2498B5AE004BF47F /* FailedToLoadImage.png */,
			);
			name = Images;
			sourceTree = "<group>";
		};
		12E10CF422BE10D000BD248E /* Extensions */ = {
			isa = PBXGroup;
			children = (
				12E10CF522BE10DE00BD248E /* Data+Hex.swift */,
			);
			name = Extensions;
			sourceTree = "<group>";
		};
		12F7957422C5BB8B002DCBEF /* Booru */ = {
			isa = PBXGroup;
			children = (
				12A9BB9E22C74E0E0090F503 /* External */,
				12A9BB9D22C60B0E0090F503 /* Miscellaneous */,
				12D7B0B522BC1A5200CB740F /* Hydrus */,
				12F7957522C5BB99002DCBEF /* Booru.swift */,
				12F7957722C5C092002DCBEF /* BooruFile.swift */,
				12F7957922C5C3F4002DCBEF /* BooruTag.swift */,
				12A9BB9922C5F1C30090F503 /* BooruMime.swift */,
			);
			name = Booru;
			sourceTree = "<group>";
		};
/* End PBXGroup section */

/* Begin PBXNativeTarget section */
		128ED15D22AAD1AC00A1DDD6 /* b2 */ = {
			isa = PBXNativeTarget;
			buildConfigurationList = 128ED16E22AAD1AE00A1DDD6 /* Build configuration list for PBXNativeTarget "b2" */;
			buildPhases = (
				12D5009C22BC7CDC00CB1D98 /* ShellScript */,
				128ED15A22AAD1AC00A1DDD6 /* Sources */,
				128ED15B22AAD1AC00A1DDD6 /* Frameworks */,
				128ED15C22AAD1AC00A1DDD6 /* Resources */,
			);
			buildRules = (
			);
			dependencies = (
			);
			name = b2;
			packageProductDependencies = (
				12F38F9C23401C320011F4FE /* Path */,
				12F38F9F23401CF00011F4FE /* GRDB */,
			);
			productName = b2;
			productReference = 128ED15E22AAD1AC00A1DDD6 /* b2.app */;
			productType = "com.apple.product-type.application";
		};
/* End PBXNativeTarget section */

/* Begin PBXProject section */
		128ED15622AAD1AC00A1DDD6 /* Project object */ = {
			isa = PBXProject;
			attributes = {
				LastSwiftUpdateCheck = 1020;
				LastUpgradeCheck = 1020;
				ORGANIZATIONNAME = slice;
				TargetAttributes = {
					128ED15D22AAD1AC00A1DDD6 = {
						CreatedOnToolsVersion = 10.2.1;
					};
				};
			};
			buildConfigurationList = 128ED15922AAD1AC00A1DDD6 /* Build configuration list for PBXProject "b2" */;
			compatibilityVersion = "Xcode 9.3";
			developmentRegion = en;
			hasScannedForEncodings = 0;
			knownRegions = (
				en,
				Base,
			);
			mainGroup = 128ED15522AAD1AC00A1DDD6;
			packageReferences = (
				12F38F9B23401C320011F4FE /* XCRemoteSwiftPackageReference "Path" */,
				12F38F9E23401CF00011F4FE /* XCRemoteSwiftPackageReference "GRDB" */,
			);
			productRefGroup = 128ED15F22AAD1AC00A1DDD6 /* Products */;
			projectDirPath = "";
			projectRoot = "";
			targets = (
				128ED15D22AAD1AC00A1DDD6 /* b2 */,
			);
		};
/* End PBXProject section */

/* Begin PBXResourcesBuildPhase section */
		128ED15C22AAD1AC00A1DDD6 /* Resources */ = {
			isa = PBXResourcesBuildPhase;
			buildActionMask = 2147483647;
			files = (
				12ED8617266DD91C00F1303F /* Main.storyboard in Resources */,
				12D5009E22BC7D4100CB1D98 /* .swiftlint.yml in Resources */,
				12DDEF4B2498B5AE004BF47F /* FailedToLoadImage.png in Resources */,
				12D7B0B422BB6DA000CB740F /* MediaCollectionViewItem.xib in Resources */,
				128ED16622AAD1AE00A1DDD6 /* Assets.xcassets in Resources */,
			);
			runOnlyForDeploymentPostprocessing = 0;
		};
/* End PBXResourcesBuildPhase section */

/* Begin PBXShellScriptBuildPhase section */
		12D5009C22BC7CDC00CB1D98 /* ShellScript */ = {
			isa = PBXShellScriptBuildPhase;
			buildActionMask = 2147483647;
			files = (
			);
			inputFileListPaths = (
			);
			inputPaths = (
			);
			outputFileListPaths = (
			);
			outputPaths = (
			);
			runOnlyForDeploymentPostprocessing = 0;
			shellPath = /bin/sh;
			shellScript = "if which swiftlint >/dev/null; then\n  swiftlint\nelse\n  echo \"warning: SwiftLint not installed, download from https://github.com/realm/SwiftLint\"\nfi\n";
		};
/* End PBXShellScriptBuildPhase section */

/* Begin PBXSourcesBuildPhase section */
		128ED15A22AAD1AC00A1DDD6 /* Sources */ = {
			isa = PBXSourcesBuildPhase;
			buildActionMask = 2147483647;
			files = (
				128ED17222AAD88300A1DDD6 /* MainWindowController.swift in Sources */,
				12A9BB9A22C5F1C30090F503 /* BooruMime.swift in Sources */,
				12ED8614266DD67800F1303F /* TagsViewController.swift in Sources */,
				12F7957622C5BB99002DCBEF /* Booru.swift in Sources */,
				12D500A022BC907C00CB1D98 /* HydrusMime.swift in Sources */,
				127C44C322C7562E003C7BFA /* OuroborosFile.swift in Sources */,
				128ED16422AAD1AC00A1DDD6 /* MainViewController.swift in Sources */,
				12A9BBA022C74E190090F503 /* OuroborosBooru.swift in Sources */,
				12D5009B22BC7A4E00CB1D98 /* HydrusFile.swift in Sources */,
				12D7B0B322BB6DA000CB740F /* MediaCollectionViewItem.swift in Sources */,
				12E10CF622BE10DE00BD248E /* Data+Hex.swift in Sources */,
				12F7957822C5C092002DCBEF /* BooruFile.swift in Sources */,
				127C44C522C75FB2003C7BFA /* OuroborosTag.swift in Sources */,
				128ED16222AAD1AC00A1DDD6 /* AppDelegate.swift in Sources */,
				12E10CF322BE0B3000BD248E /* HydrusCachedTag.swift in Sources */,
				12C43B7422BD6076003AF7C1 /* HydrusTag.swift in Sources */,
				12F7957A22C5C3F4002DCBEF /* BooruTag.swift in Sources */,
				12E10CF822BE25B700BD248E /* HydrusSubtag.swift in Sources */,
				12C43B6F22BCA5DD003AF7C1 /* Utilities.swift in Sources */,
				12ED8616266DD68A00F1303F /* PostsViewController.swift in Sources */,
				12A9BB9C22C60ADE0090F503 /* NoneBooru.swift in Sources */,
				12D500A222BC931400CB1D98 /* HydrusMetadata.swift in Sources */,
				12C43B7122BD5E59003AF7C1 /* HydrusTags.swift in Sources */,
				12C43B7622BD6094003AF7C1 /* HydrusTagNamespace.swift in Sources */,
				12D7B0B822BC237200CB740F /* HydrusDatabase.swift in Sources */,
			);
			runOnlyForDeploymentPostprocessing = 0;
		};
/* End PBXSourcesBuildPhase section */

/* Begin XCBuildConfiguration section */
		128ED16C22AAD1AE00A1DDD6 /* Debug */ = {
			isa = XCBuildConfiguration;
			buildSettings = {
				ALWAYS_SEARCH_USER_PATHS = NO;
				CLANG_ANALYZER_NONNULL = YES;
				CLANG_ANALYZER_NUMBER_OBJECT_CONVERSION = YES_AGGRESSIVE;
				CLANG_CXX_LANGUAGE_STANDARD = "gnu++14";
				CLANG_CXX_LIBRARY = "libc++";
				CLANG_ENABLE_MODULES = YES;
				CLANG_ENABLE_OBJC_ARC = YES;
				CLANG_ENABLE_OBJC_WEAK = YES;
				CLANG_WARN_BLOCK_CAPTURE_AUTORELEASING = YES;
				CLANG_WARN_BOOL_CONVERSION = YES;
				CLANG_WARN_COMMA = YES;
				CLANG_WARN_CONSTANT_CONVERSION = YES;
				CLANG_WARN_DEPRECATED_OBJC_IMPLEMENTATIONS = YES;
				CLANG_WARN_DIRECT_OBJC_ISA_USAGE = YES_ERROR;
				CLANG_WARN_DOCUMENTATION_COMMENTS = YES;
				CLANG_WARN_EMPTY_BODY = YES;
				CLANG_WARN_ENUM_CONVERSION = YES;
				CLANG_WARN_INFINITE_RECURSION = YES;
				CLANG_WARN_INT_CONVERSION = YES;
				CLANG_WARN_NON_LITERAL_NULL_CONVERSION = YES;
				CLANG_WARN_OBJC_IMPLICIT_RETAIN_SELF = YES;
				CLANG_WARN_OBJC_LITERAL_CONVERSION = YES;
				CLANG_WARN_OBJC_ROOT_CLASS = YES_ERROR;
				CLANG_WARN_RANGE_LOOP_ANALYSIS = YES;
				CLANG_WARN_STRICT_PROTOTYPES = YES;
				CLANG_WARN_SUSPICIOUS_MOVE = YES;
				CLANG_WARN_UNGUARDED_AVAILABILITY = YES_AGGRESSIVE;
				CLANG_WARN_UNREACHABLE_CODE = YES;
				CLANG_WARN__DUPLICATE_METHOD_MATCH = YES;
				CODE_SIGN_IDENTITY = "-";
				COPY_PHASE_STRIP = NO;
				DEBUG_INFORMATION_FORMAT = dwarf;
				ENABLE_STRICT_OBJC_MSGSEND = YES;
				ENABLE_TESTABILITY = YES;
				GCC_C_LANGUAGE_STANDARD = gnu11;
				GCC_DYNAMIC_NO_PIC = NO;
				GCC_NO_COMMON_BLOCKS = YES;
				GCC_OPTIMIZATION_LEVEL = 0;
				GCC_PREPROCESSOR_DEFINITIONS = (
					"DEBUG=1",
					"$(inherited)",
				);
				GCC_WARN_64_TO_32_BIT_CONVERSION = YES;
				GCC_WARN_ABOUT_RETURN_TYPE = YES_ERROR;
				GCC_WARN_UNDECLARED_SELECTOR = YES;
				GCC_WARN_UNINITIALIZED_AUTOS = YES_AGGRESSIVE;
				GCC_WARN_UNUSED_FUNCTION = YES;
				GCC_WARN_UNUSED_VARIABLE = YES;
				MACOSX_DEPLOYMENT_TARGET = 11.0;
				MTL_ENABLE_DEBUG_INFO = INCLUDE_SOURCE;
				MTL_FAST_MATH = YES;
				ONLY_ACTIVE_ARCH = YES;
				SDKROOT = macosx;
				SWIFT_ACTIVE_COMPILATION_CONDITIONS = DEBUG;
				SWIFT_OPTIMIZATION_LEVEL = "-Onone";
			};
			name = Debug;
		};
		128ED16D22AAD1AE00A1DDD6 /* Release */ = {
			isa = XCBuildConfiguration;
			buildSettings = {
				ALWAYS_SEARCH_USER_PATHS = NO;
				CLANG_ANALYZER_NONNULL = YES;
				CLANG_ANALYZER_NUMBER_OBJECT_CONVERSION = YES_AGGRESSIVE;
				CLANG_CXX_LANGUAGE_STANDARD = "gnu++14";
				CLANG_CXX_LIBRARY = "libc++";
				CLANG_ENABLE_MODULES = YES;
				CLANG_ENABLE_OBJC_ARC = YES;
				CLANG_ENABLE_OBJC_WEAK = YES;
				CLANG_WARN_BLOCK_CAPTURE_AUTORELEASING = YES;
				CLANG_WARN_BOOL_CONVERSION = YES;
				CLANG_WARN_COMMA = YES;
				CLANG_WARN_CONSTANT_CONVERSION = YES;
				CLANG_WARN_DEPRECATED_OBJC_IMPLEMENTATIONS = YES;
				CLANG_WARN_DIRECT_OBJC_ISA_USAGE = YES_ERROR;
				CLANG_WARN_DOCUMENTATION_COMMENTS = YES;
				CLANG_WARN_EMPTY_BODY = YES;
				CLANG_WARN_ENUM_CONVERSION = YES;
				CLANG_WARN_INFINITE_RECURSION = YES;
				CLANG_WARN_INT_CONVERSION = YES;
				CLANG_WARN_NON_LITERAL_NULL_CONVERSION = YES;
				CLANG_WARN_OBJC_IMPLICIT_RETAIN_SELF = YES;
				CLANG_WARN_OBJC_LITERAL_CONVERSION = YES;
				CLANG_WARN_OBJC_ROOT_CLASS = YES_ERROR;
				CLANG_WARN_RANGE_LOOP_ANALYSIS = YES;
				CLANG_WARN_STRICT_PROTOTYPES = YES;
				CLANG_WARN_SUSPICIOUS_MOVE = YES;
				CLANG_WARN_UNGUARDED_AVAILABILITY = YES_AGGRESSIVE;
				CLANG_WARN_UNREACHABLE_CODE = YES;
				CLANG_WARN__DUPLICATE_METHOD_MATCH = YES;
				CODE_SIGN_IDENTITY = "-";
				COPY_PHASE_STRIP = NO;
				DEBUG_INFORMATION_FORMAT = "dwarf-with-dsym";
				ENABLE_NS_ASSERTIONS = NO;
				ENABLE_STRICT_OBJC_MSGSEND = YES;
				GCC_C_LANGUAGE_STANDARD = gnu11;
				GCC_NO_COMMON_BLOCKS = YES;
				GCC_WARN_64_TO_32_BIT_CONVERSION = YES;
				GCC_WARN_ABOUT_RETURN_TYPE = YES_ERROR;
				GCC_WARN_UNDECLARED_SELECTOR = YES;
				GCC_WARN_UNINITIALIZED_AUTOS = YES_AGGRESSIVE;
				GCC_WARN_UNUSED_FUNCTION = YES;
				GCC_WARN_UNUSED_VARIABLE = YES;
				MACOSX_DEPLOYMENT_TARGET = 11.0;
				MTL_ENABLE_DEBUG_INFO = NO;
				MTL_FAST_MATH = YES;
				SDKROOT = macosx;
				SWIFT_COMPILATION_MODE = wholemodule;
				SWIFT_OPTIMIZATION_LEVEL = "-O";
			};
			name = Release;
		};
		128ED16F22AAD1AE00A1DDD6 /* Debug */ = {
			isa = XCBuildConfiguration;
			buildSettings = {
				ASSETCATALOG_COMPILER_APPICON_NAME = AppIcon;
				CODE_SIGN_ENTITLEMENTS = b2/b2.entitlements;
				CODE_SIGN_STYLE = Automatic;
				COMBINE_HIDPI_IMAGES = YES;
				INFOPLIST_FILE = b2/Info.plist;
				LD_RUNPATH_SEARCH_PATHS = (
					"$(inherited)",
					"@executable_path/../Frameworks",
				);
				MACOSX_DEPLOYMENT_TARGET = 11.0;
				PRODUCT_BUNDLE_IDENTIFIER = zone.slice.b2;
				PRODUCT_NAME = "$(TARGET_NAME)";
				SWIFT_VERSION = 5.0;
			};
			name = Debug;
		};
		128ED17022AAD1AE00A1DDD6 /* Release */ = {
			isa = XCBuildConfiguration;
			buildSettings = {
				ASSETCATALOG_COMPILER_APPICON_NAME = AppIcon;
				CODE_SIGN_ENTITLEMENTS = b2/b2.entitlements;
				CODE_SIGN_STYLE = Automatic;
				COMBINE_HIDPI_IMAGES = YES;
				INFOPLIST_FILE = b2/Info.plist;
				LD_RUNPATH_SEARCH_PATHS = (
					"$(inherited)",
					"@executable_path/../Frameworks",
				);
				MACOSX_DEPLOYMENT_TARGET = 11.0;
				PRODUCT_BUNDLE_IDENTIFIER = zone.slice.b2;
				PRODUCT_NAME = "$(TARGET_NAME)";
				SWIFT_VERSION = 5.0;
			};
			name = Release;
		};
/* End XCBuildConfiguration section */

/* Begin XCConfigurationList section */
		128ED15922AAD1AC00A1DDD6 /* Build configuration list for PBXProject "b2" */ = {
			isa = XCConfigurationList;
			buildConfigurations = (
				128ED16C22AAD1AE00A1DDD6 /* Debug */,
				128ED16D22AAD1AE00A1DDD6 /* Release */,
			);
			defaultConfigurationIsVisible = 0;
			defaultConfigurationName = Release;
		};
		128ED16E22AAD1AE00A1DDD6 /* Build configuration list for PBXNativeTarget "b2" */ = {
			isa = XCConfigurationList;
			buildConfigurations = (
				128ED16F22AAD1AE00A1DDD6 /* Debug */,
				128ED17022AAD1AE00A1DDD6 /* Release */,
			);
			defaultConfigurationIsVisible = 0;
			defaultConfigurationName = Release;
		};
/* End XCConfigurationList section */

/* Begin XCRemoteSwiftPackageReference section */
		12F38F9B23401C320011F4FE /* XCRemoteSwiftPackageReference "Path" */ = {
			isa = XCRemoteSwiftPackageReference;
			repositoryURL = "https://github.com/mxcl/Path.swift";
			requirement = {
				kind = upToNextMajorVersion;
				minimumVersion = 0.16.3;
			};
		};
		12F38F9E23401CF00011F4FE /* XCRemoteSwiftPackageReference "GRDB" */ = {
			isa = XCRemoteSwiftPackageReference;
			repositoryURL = "https://github.com/groue/GRDB.swift";
			requirement = {
				kind = upToNextMajorVersion;
				minimumVersion = 4.4.0;
			};
		};
/* End XCRemoteSwiftPackageReference section */

/* Begin XCSwiftPackageProductDependency section */
		12F38F9C23401C320011F4FE /* Path */ = {
			isa = XCSwiftPackageProductDependency;
			package = 12F38F9B23401C320011F4FE /* XCRemoteSwiftPackageReference "Path" */;
			productName = Path;
		};
		12F38F9F23401CF00011F4FE /* GRDB */ = {
			isa = XCSwiftPackageProductDependency;
			package = 12F38F9E23401CF00011F4FE /* XCRemoteSwiftPackageReference "GRDB" */;
			productName = GRDB;
		};
/* End XCSwiftPackageProductDependency section */
	};
	rootObject = 128ED15622AAD1AC00A1DDD6 /* Project object */;
}
